// !$*UTF8*$!
{
	archiveVersion = 1;
	classes = {
	};
	objectVersion = 50;
	objects = {

/* Begin PBXBuildFile section */
		3890DA1F20F79FEE002C1D4C /* AppDelegate.swift in Sources */ = {isa = PBXBuildFile; fileRef = 3890DA1E20F79FEE002C1D4C /* AppDelegate.swift */; };
		3890DA2120F79FEE002C1D4C /* art.scnassets in Resources */ = {isa = PBXBuildFile; fileRef = 3890DA2020F79FEE002C1D4C /* art.scnassets */; };
		3890DA2320F79FEE002C1D4C /* ViewController.swift in Sources */ = {isa = PBXBuildFile; fileRef = 3890DA2220F79FEE002C1D4C /* ViewController.swift */; };
		3890DA2620F79FEE002C1D4C /* Main.storyboard in Resources */ = {isa = PBXBuildFile; fileRef = 3890DA2420F79FEE002C1D4C /* Main.storyboard */; };
		3890DA2820F79FEF002C1D4C /* Assets.xcassets in Resources */ = {isa = PBXBuildFile; fileRef = 3890DA2720F79FEF002C1D4C /* Assets.xcassets */; };
		3890DA2B20F79FEF002C1D4C /* LaunchScreen.storyboard in Resources */ = {isa = PBXBuildFile; fileRef = 3890DA2920F79FEF002C1D4C /* LaunchScreen.storyboard */; };
		3890DA3420F7A500002C1D4C /* Constants.swift in Sources */ = {isa = PBXBuildFile; fileRef = 3890DA3320F7A500002C1D4C /* Constants.swift */; };
		3890DA3820F7A899002C1D4C /* RandomName.swift in Sources */ = {isa = PBXBuildFile; fileRef = 3890DA3520F7A899002C1D4C /* RandomName.swift */; };
		3890DA3920F7A899002C1D4C /* MarkerType.swift in Sources */ = {isa = PBXBuildFile; fileRef = 3890DA3620F7A899002C1D4C /* MarkerType.swift */; };
		3890DA3A20F7A899002C1D4C /* MarkerManager.swift in Sources */ = {isa = PBXBuildFile; fileRef = 3890DA3720F7A899002C1D4C /* MarkerManager.swift */; };
		3890DA3F20F7C691002C1D4C /* ARHelperFunctions.swift in Sources */ = {isa = PBXBuildFile; fileRef = 3890DA3E20F7C691002C1D4C /* ARHelperFunctions.swift */; };
		3890DA4220F7C973002C1D4C /* ClickableNode.swift in Sources */ = {isa = PBXBuildFile; fileRef = 3890DA4020F7C973002C1D4C /* ClickableNode.swift */; };
		3890DA4320F7C973002C1D4C /* Marker.swift in Sources */ = {isa = PBXBuildFile; fileRef = 3890DA4120F7C973002C1D4C /* Marker.swift */; };
		3890DA4520F7CEBF002C1D4C /* Extensions.swift in Sources */ = {isa = PBXBuildFile; fileRef = 3890DA4420F7CEBF002C1D4C /* Extensions.swift */; };
		E1CBD31537ED8391F234DB18 /* Pods_BookMyRoom.framework in Frameworks */ = {isa = PBXBuildFile; fileRef = FBFAF4442E57F7FEFD6356D5 /* Pods_BookMyRoom.framework */; };
/* End PBXBuildFile section */

/* Begin PBXFileReference section */
		3890DA1B20F79FEE002C1D4C /* BookMyRoom.app */ = {isa = PBXFileReference; explicitFileType = wrapper.application; includeInIndex = 0; path = BookMyRoom.app; sourceTree = BUILT_PRODUCTS_DIR; };
		3890DA1E20F79FEE002C1D4C /* AppDelegate.swift */ = {isa = PBXFileReference; lastKnownFileType = sourcecode.swift; path = AppDelegate.swift; sourceTree = "<group>"; };
		3890DA2020F79FEE002C1D4C /* art.scnassets */ = {isa = PBXFileReference; lastKnownFileType = wrapper.scnassets; path = art.scnassets; sourceTree = "<group>"; };
		3890DA2220F79FEE002C1D4C /* ViewController.swift */ = {isa = PBXFileReference; lastKnownFileType = sourcecode.swift; path = ViewController.swift; sourceTree = "<group>"; };
		3890DA2520F79FEE002C1D4C /* Base */ = {isa = PBXFileReference; lastKnownFileType = file.storyboard; name = Base; path = Base.lproj/Main.storyboard; sourceTree = "<group>"; };
		3890DA2720F79FEF002C1D4C /* Assets.xcassets */ = {isa = PBXFileReference; lastKnownFileType = folder.assetcatalog; path = Assets.xcassets; sourceTree = "<group>"; };
		3890DA2A20F79FEF002C1D4C /* Base */ = {isa = PBXFileReference; lastKnownFileType = file.storyboard; name = Base; path = Base.lproj/LaunchScreen.storyboard; sourceTree = "<group>"; };
		3890DA2C20F79FEF002C1D4C /* Info.plist */ = {isa = PBXFileReference; lastKnownFileType = text.plist.xml; path = Info.plist; sourceTree = "<group>"; };
		3890DA3320F7A500002C1D4C /* Constants.swift */ = {isa = PBXFileReference; lastKnownFileType = sourcecode.swift; path = Constants.swift; sourceTree = "<group>"; };
		3890DA3520F7A899002C1D4C /* RandomName.swift */ = {isa = PBXFileReference; fileEncoding = 4; lastKnownFileType = sourcecode.swift; path = RandomName.swift; sourceTree = "<group>"; };
		3890DA3620F7A899002C1D4C /* MarkerType.swift */ = {isa = PBXFileReference; fileEncoding = 4; lastKnownFileType = sourcecode.swift; path = MarkerType.swift; sourceTree = "<group>"; };
		3890DA3720F7A899002C1D4C /* MarkerManager.swift */ = {isa = PBXFileReference; fileEncoding = 4; lastKnownFileType = sourcecode.swift; path = MarkerManager.swift; sourceTree = "<group>"; };
		3890DA3E20F7C691002C1D4C /* ARHelperFunctions.swift */ = {isa = PBXFileReference; lastKnownFileType = sourcecode.swift; path = ARHelperFunctions.swift; sourceTree = "<group>"; };
		3890DA4020F7C973002C1D4C /* ClickableNode.swift */ = {isa = PBXFileReference; fileEncoding = 4; lastKnownFileType = sourcecode.swift; path = ClickableNode.swift; sourceTree = "<group>"; };
		3890DA4120F7C973002C1D4C /* Marker.swift */ = {isa = PBXFileReference; fileEncoding = 4; lastKnownFileType = sourcecode.swift; path = Marker.swift; sourceTree = "<group>"; };
		3890DA4420F7CEBF002C1D4C /* Extensions.swift */ = {isa = PBXFileReference; lastKnownFileType = sourcecode.swift; path = Extensions.swift; sourceTree = "<group>"; };
		4D59A91CFBD6F2EE200AA283 /* Pods-BookMyRoom.release.xcconfig */ = {isa = PBXFileReference; includeInIndex = 1; lastKnownFileType = text.xcconfig; name = "Pods-BookMyRoom.release.xcconfig"; path = "Pods/Target Support Files/Pods-BookMyRoom/Pods-BookMyRoom.release.xcconfig"; sourceTree = "<group>"; };
		59AEE91F0D28E9D839EF09FC /* Pods-BookMyRoom.debug.xcconfig */ = {isa = PBXFileReference; includeInIndex = 1; lastKnownFileType = text.xcconfig; name = "Pods-BookMyRoom.debug.xcconfig"; path = "Pods/Target Support Files/Pods-BookMyRoom/Pods-BookMyRoom.debug.xcconfig"; sourceTree = "<group>"; };
		FBFAF4442E57F7FEFD6356D5 /* Pods_BookMyRoom.framework */ = {isa = PBXFileReference; explicitFileType = wrapper.framework; includeInIndex = 0; path = Pods_BookMyRoom.framework; sourceTree = BUILT_PRODUCTS_DIR; };
/* End PBXFileReference section */

/* Begin PBXFrameworksBuildPhase section */
		3890DA1820F79FEE002C1D4C /* Frameworks */ = {
			isa = PBXFrameworksBuildPhase;
			buildActionMask = 2147483647;
			files = (
				E1CBD31537ED8391F234DB18 /* Pods_BookMyRoom.framework in Frameworks */,
			);
			runOnlyForDeploymentPostprocessing = 0;
		};
/* End PBXFrameworksBuildPhase section */

/* Begin PBXGroup section */
		0755E2B6A349C08AAC490DC6 /* Frameworks */ = {
			isa = PBXGroup;
			children = (
				FBFAF4442E57F7FEFD6356D5 /* Pods_BookMyRoom.framework */,
			);
			name = Frameworks;
			sourceTree = "<group>";
		};
		3890DA1220F79FEE002C1D4C = {
			isa = PBXGroup;
			children = (
				3890DA1D20F79FEE002C1D4C /* BookMyRoom */,
				3890DA1C20F79FEE002C1D4C /* Products */,
				98B7739F2FA1AEC6CB265D20 /* Pods */,
				0755E2B6A349C08AAC490DC6 /* Frameworks */,
			);
			sourceTree = "<group>";
		};
		3890DA1C20F79FEE002C1D4C /* Products */ = {
			isa = PBXGroup;
			children = (
				3890DA1B20F79FEE002C1D4C /* BookMyRoom.app */,
			);
			name = Products;
			sourceTree = "<group>";
		};
		3890DA1D20F79FEE002C1D4C /* BookMyRoom */ = {
			isa = PBXGroup;
			children = (
				3890DA3D20F7C681002C1D4C /* Utilities */,
				3890DA3C20F7AE81002C1D4C /* Managers */,
				3890DA3B20F7AE73002C1D4C /* Models */,
				3890DA3220F7A42A002C1D4C /* SupportingFiles */,
				3890DA2C20F79FEF002C1D4C /* Info.plist */,
				3890DA2420F79FEE002C1D4C /* Main.storyboard */,
				3890DA3520F7A899002C1D4C /* RandomName.swift */,
				3890DA2220F79FEE002C1D4C /* ViewController.swift */,
			);
			path = BookMyRoom;
			sourceTree = "<group>";
		};
		3890DA3220F7A42A002C1D4C /* SupportingFiles */ = {
			isa = PBXGroup;
			children = (
				3890DA1E20F79FEE002C1D4C /* AppDelegate.swift */,
				3890DA2020F79FEE002C1D4C /* art.scnassets */,
				3890DA2720F79FEF002C1D4C /* Assets.xcassets */,
				3890DA2920F79FEF002C1D4C /* LaunchScreen.storyboard */,
				3890DA3320F7A500002C1D4C /* Constants.swift */,
			);
			path = SupportingFiles;
			sourceTree = "<group>";
		};
		3890DA3B20F7AE73002C1D4C /* Models */ = {
			isa = PBXGroup;
			children = (
				3890DA4020F7C973002C1D4C /* ClickableNode.swift */,
				3890DA4120F7C973002C1D4C /* Marker.swift */,
				3890DA3620F7A899002C1D4C /* MarkerType.swift */,
			);
			path = Models;
			sourceTree = "<group>";
		};
		3890DA3C20F7AE81002C1D4C /* Managers */ = {
			isa = PBXGroup;
			children = (
				3890DA3720F7A899002C1D4C /* MarkerManager.swift */,
			);
			path = Managers;
			sourceTree = "<group>";
		};
		3890DA3D20F7C681002C1D4C /* Utilities */ = {
			isa = PBXGroup;
			children = (
				3890DA3E20F7C691002C1D4C /* ARHelperFunctions.swift */,
				3890DA4420F7CEBF002C1D4C /* Extensions.swift */,
			);
			path = Utilities;
			sourceTree = "<group>";
		};
		98B7739F2FA1AEC6CB265D20 /* Pods */ = {
			isa = PBXGroup;
			children = (
				59AEE91F0D28E9D839EF09FC /* Pods-BookMyRoom.debug.xcconfig */,
				4D59A91CFBD6F2EE200AA283 /* Pods-BookMyRoom.release.xcconfig */,
			);
			name = Pods;
			sourceTree = "<group>";
		};
/* End PBXGroup section */

/* Begin PBXNativeTarget section */
		3890DA1A20F79FEE002C1D4C /* BookMyRoom */ = {
			isa = PBXNativeTarget;
			buildConfigurationList = 3890DA2F20F79FEF002C1D4C /* Build configuration list for PBXNativeTarget "BookMyRoom" */;
			buildPhases = (
				FC707879C8A1BC6190AC04E4 /* [CP] Check Pods Manifest.lock */,
				3890DA1720F79FEE002C1D4C /* Sources */,
				3890DA1820F79FEE002C1D4C /* Frameworks */,
				3890DA1920F79FEE002C1D4C /* Resources */,
				AD3F6C3AE214D7DFB2ED4468 /* [CP] Embed Pods Frameworks */,
			);
			buildRules = (
			);
			dependencies = (
			);
			name = BookMyRoom;
			productName = BookMyRoom;
			productReference = 3890DA1B20F79FEE002C1D4C /* BookMyRoom.app */;
			productType = "com.apple.product-type.application";
		};
/* End PBXNativeTarget section */

/* Begin PBXProject section */
		3890DA1320F79FEE002C1D4C /* Project object */ = {
			isa = PBXProject;
			attributes = {
				LastSwiftUpdateCheck = 0940;
				LastUpgradeCheck = 0940;
				ORGANIZATIONNAME = Jim;
				TargetAttributes = {
					3890DA1A20F79FEE002C1D4C = {
						CreatedOnToolsVersion = 9.4.1;
					};
				};
			};
			buildConfigurationList = 3890DA1620F79FEE002C1D4C /* Build configuration list for PBXProject "BookMyRoom" */;
			compatibilityVersion = "Xcode 9.3";
			developmentRegion = en;
			hasScannedForEncodings = 0;
			knownRegions = (
				en,
				Base,
			);
			mainGroup = 3890DA1220F79FEE002C1D4C;
			productRefGroup = 3890DA1C20F79FEE002C1D4C /* Products */;
			projectDirPath = "";
			projectRoot = "";
			targets = (
				3890DA1A20F79FEE002C1D4C /* BookMyRoom */,
			);
		};
/* End PBXProject section */

/* Begin PBXResourcesBuildPhase section */
		3890DA1920F79FEE002C1D4C /* Resources */ = {
			isa = PBXResourcesBuildPhase;
			buildActionMask = 2147483647;
			files = (
				3890DA2120F79FEE002C1D4C /* art.scnassets in Resources */,
				3890DA2B20F79FEF002C1D4C /* LaunchScreen.storyboard in Resources */,
				3890DA2820F79FEF002C1D4C /* Assets.xcassets in Resources */,
				3890DA2620F79FEE002C1D4C /* Main.storyboard in Resources */,
			);
			runOnlyForDeploymentPostprocessing = 0;
		};
/* End PBXResourcesBuildPhase section */

/* Begin PBXShellScriptBuildPhase section */
		AD3F6C3AE214D7DFB2ED4468 /* [CP] Embed Pods Frameworks */ = {
			isa = PBXShellScriptBuildPhase;
			buildActionMask = 2147483647;
			files = (
			);
			inputPaths = (
				"${SRCROOT}/Pods/Target Support Files/Pods-BookMyRoom/Pods-BookMyRoom-frameworks.sh",
				"${PODS_ROOT}/PlacenoteSDK/Placenote.framework",
				"${BUILT_PRODUCTS_DIR}/PlacenoteSDK/PlacenoteSDK.framework",
			);
			name = "[CP] Embed Pods Frameworks";
			outputPaths = (
				"${TARGET_BUILD_DIR}/${FRAMEWORKS_FOLDER_PATH}/Placenote.framework",
				"${TARGET_BUILD_DIR}/${FRAMEWORKS_FOLDER_PATH}/PlacenoteSDK.framework",
			);
			runOnlyForDeploymentPostprocessing = 0;
			shellPath = /bin/sh;
			shellScript = "\"${SRCROOT}/Pods/Target Support Files/Pods-BookMyRoom/Pods-BookMyRoom-frameworks.sh\"\n";
			showEnvVarsInLog = 0;
		};
		FC707879C8A1BC6190AC04E4 /* [CP] Check Pods Manifest.lock */ = {
			isa = PBXShellScriptBuildPhase;
			buildActionMask = 2147483647;
			files = (
			);
			inputPaths = (
				"${PODS_PODFILE_DIR_PATH}/Podfile.lock",
				"${PODS_ROOT}/Manifest.lock",
			);
			name = "[CP] Check Pods Manifest.lock";
			outputPaths = (
				"$(DERIVED_FILE_DIR)/Pods-BookMyRoom-checkManifestLockResult.txt",
			);
			runOnlyForDeploymentPostprocessing = 0;
			shellPath = /bin/sh;
			shellScript = "diff \"${PODS_PODFILE_DIR_PATH}/Podfile.lock\" \"${PODS_ROOT}/Manifest.lock\" > /dev/null\nif [ $? != 0 ] ; then\n    # print error to STDERR\n    echo \"error: The sandbox is not in sync with the Podfile.lock. Run 'pod install' or update your CocoaPods installation.\" >&2\n    exit 1\nfi\n# This output is used by Xcode 'outputs' to avoid re-running this script phase.\necho \"SUCCESS\" > \"${SCRIPT_OUTPUT_FILE_0}\"\n";
			showEnvVarsInLog = 0;
		};
/* End PBXShellScriptBuildPhase section */

/* Begin PBXSourcesBuildPhase section */
		3890DA1720F79FEE002C1D4C /* Sources */ = {
			isa = PBXSourcesBuildPhase;
			buildActionMask = 2147483647;
			files = (
				3890DA2320F79FEE002C1D4C /* ViewController.swift in Sources */,
				3890DA3F20F7C691002C1D4C /* ARHelperFunctions.swift in Sources */,
				3890DA3820F7A899002C1D4C /* RandomName.swift in Sources */,
				3890DA3920F7A899002C1D4C /* MarkerType.swift in Sources */,
				3890DA3A20F7A899002C1D4C /* MarkerManager.swift in Sources */,
				3890DA4520F7CEBF002C1D4C /* Extensions.swift in Sources */,
				3890DA1F20F79FEE002C1D4C /* AppDelegate.swift in Sources */,
				3890DA4220F7C973002C1D4C /* ClickableNode.swift in Sources */,
				3890DA3420F7A500002C1D4C /* Constants.swift in Sources */,
				3890DA4320F7C973002C1D4C /* Marker.swift in Sources */,
			);
			runOnlyForDeploymentPostprocessing = 0;
		};
/* End PBXSourcesBuildPhase section */

/* Begin PBXVariantGroup section */
		3890DA2420F79FEE002C1D4C /* Main.storyboard */ = {
			isa = PBXVariantGroup;
			children = (
				3890DA2520F79FEE002C1D4C /* Base */,
			);
			name = Main.storyboard;
			sourceTree = "<group>";
		};
		3890DA2920F79FEF002C1D4C /* LaunchScreen.storyboard */ = {
			isa = PBXVariantGroup;
			children = (
				3890DA2A20F79FEF002C1D4C /* Base */,
			);
			name = LaunchScreen.storyboard;
			sourceTree = "<group>";
		};
/* End PBXVariantGroup section */

/* Begin XCBuildConfiguration section */
		3890DA2D20F79FEF002C1D4C /* Debug */ = {
			isa = XCBuildConfiguration;
			buildSettings = {
				ALWAYS_SEARCH_USER_PATHS = NO;
				CLANG_ANALYZER_NONNULL = YES;
				CLANG_ANALYZER_NUMBER_OBJECT_CONVERSION = YES_AGGRESSIVE;
				CLANG_CXX_LANGUAGE_STANDARD = "gnu++14";
				CLANG_CXX_LIBRARY = "libc++";
				CLANG_ENABLE_MODULES = YES;
				CLANG_ENABLE_OBJC_ARC = YES;
				CLANG_ENABLE_OBJC_WEAK = YES;
				CLANG_WARN_BLOCK_CAPTURE_AUTORELEASING = YES;
				CLANG_WARN_BOOL_CONVERSION = YES;
				CLANG_WARN_COMMA = YES;
				CLANG_WARN_CONSTANT_CONVERSION = YES;
				CLANG_WARN_DEPRECATED_OBJC_IMPLEMENTATIONS = YES;
				CLANG_WARN_DIRECT_OBJC_ISA_USAGE = YES_ERROR;
				CLANG_WARN_DOCUMENTATION_COMMENTS = YES;
				CLANG_WARN_EMPTY_BODY = YES;
				CLANG_WARN_ENUM_CONVERSION = YES;
				CLANG_WARN_INFINITE_RECURSION = YES;
				CLANG_WARN_INT_CONVERSION = YES;
				CLANG_WARN_NON_LITERAL_NULL_CONVERSION = YES;
				CLANG_WARN_OBJC_IMPLICIT_RETAIN_SELF = YES;
				CLANG_WARN_OBJC_LITERAL_CONVERSION = YES;
				CLANG_WARN_OBJC_ROOT_CLASS = YES_ERROR;
				CLANG_WARN_RANGE_LOOP_ANALYSIS = YES;
				CLANG_WARN_STRICT_PROTOTYPES = YES;
				CLANG_WARN_SUSPICIOUS_MOVE = YES;
				CLANG_WARN_UNGUARDED_AVAILABILITY = YES_AGGRESSIVE;
				CLANG_WARN_UNREACHABLE_CODE = YES;
				CLANG_WARN__DUPLICATE_METHOD_MATCH = YES;
				CODE_SIGN_IDENTITY = "iPhone Developer";
				COPY_PHASE_STRIP = NO;
				DEBUG_INFORMATION_FORMAT = dwarf;
				ENABLE_STRICT_OBJC_MSGSEND = YES;
				ENABLE_TESTABILITY = YES;
				GCC_C_LANGUAGE_STANDARD = gnu11;
				GCC_DYNAMIC_NO_PIC = NO;
				GCC_NO_COMMON_BLOCKS = YES;
				GCC_OPTIMIZATION_LEVEL = 0;
				GCC_PREPROCESSOR_DEFINITIONS = (
					"DEBUG=1",
					"$(inherited)",
				);
				GCC_WARN_64_TO_32_BIT_CONVERSION = YES;
				GCC_WARN_ABOUT_RETURN_TYPE = YES_ERROR;
				GCC_WARN_UNDECLARED_SELECTOR = YES;
				GCC_WARN_UNINITIALIZED_AUTOS = YES_AGGRESSIVE;
				GCC_WARN_UNUSED_FUNCTION = YES;
				GCC_WARN_UNUSED_VARIABLE = YES;
				IPHONEOS_DEPLOYMENT_TARGET = 11.4;
				MTL_ENABLE_DEBUG_INFO = YES;
				ONLY_ACTIVE_ARCH = YES;
				SDKROOT = iphoneos;
				SWIFT_ACTIVE_COMPILATION_CONDITIONS = DEBUG;
				SWIFT_OPTIMIZATION_LEVEL = "-Onone";
			};
			name = Debug;
		};
		3890DA2E20F79FEF002C1D4C /* Release */ = {
			isa = XCBuildConfiguration;
			buildSettings = {
				ALWAYS_SEARCH_USER_PATHS = NO;
				CLANG_ANALYZER_NONNULL = YES;
				CLANG_ANALYZER_NUMBER_OBJECT_CONVERSION = YES_AGGRESSIVE;
				CLANG_CXX_LANGUAGE_STANDARD = "gnu++14";
				CLANG_CXX_LIBRARY = "libc++";
				CLANG_ENABLE_MODULES = YES;
				CLANG_ENABLE_OBJC_ARC = YES;
				CLANG_ENABLE_OBJC_WEAK = YES;
				CLANG_WARN_BLOCK_CAPTURE_AUTORELEASING = YES;
				CLANG_WARN_BOOL_CONVERSION = YES;
				CLANG_WARN_COMMA = YES;
				CLANG_WARN_CONSTANT_CONVERSION = YES;
				CLANG_WARN_DEPRECATED_OBJC_IMPLEMENTATIONS = YES;
				CLANG_WARN_DIRECT_OBJC_ISA_USAGE = YES_ERROR;
				CLANG_WARN_DOCUMENTATION_COMMENTS = YES;
				CLANG_WARN_EMPTY_BODY = YES;
				CLANG_WARN_ENUM_CONVERSION = YES;
				CLANG_WARN_INFINITE_RECURSION = YES;
				CLANG_WARN_INT_CONVERSION = YES;
				CLANG_WARN_NON_LITERAL_NULL_CONVERSION = YES;
				CLANG_WARN_OBJC_IMPLICIT_RETAIN_SELF = YES;
				CLANG_WARN_OBJC_LITERAL_CONVERSION = YES;
				CLANG_WARN_OBJC_ROOT_CLASS = YES_ERROR;
				CLANG_WARN_RANGE_LOOP_ANALYSIS = YES;
				CLANG_WARN_STRICT_PROTOTYPES = YES;
				CLANG_WARN_SUSPICIOUS_MOVE = YES;
				CLANG_WARN_UNGUARDED_AVAILABILITY = YES_AGGRESSIVE;
				CLANG_WARN_UNREACHABLE_CODE = YES;
				CLANG_WARN__DUPLICATE_METHOD_MATCH = YES;
				CODE_SIGN_IDENTITY = "iPhone Developer";
				COPY_PHASE_STRIP = NO;
				DEBUG_INFORMATION_FORMAT = "dwarf-with-dsym";
				ENABLE_NS_ASSERTIONS = NO;
				ENABLE_STRICT_OBJC_MSGSEND = YES;
				GCC_C_LANGUAGE_STANDARD = gnu11;
				GCC_NO_COMMON_BLOCKS = YES;
				GCC_WARN_64_TO_32_BIT_CONVERSION = YES;
				GCC_WARN_ABOUT_RETURN_TYPE = YES_ERROR;
				GCC_WARN_UNDECLARED_SELECTOR = YES;
				GCC_WARN_UNINITIALIZED_AUTOS = YES_AGGRESSIVE;
				GCC_WARN_UNUSED_FUNCTION = YES;
				GCC_WARN_UNUSED_VARIABLE = YES;
				IPHONEOS_DEPLOYMENT_TARGET = 11.4;
				MTL_ENABLE_DEBUG_INFO = NO;
				SDKROOT = iphoneos;
				SWIFT_COMPILATION_MODE = wholemodule;
				SWIFT_OPTIMIZATION_LEVEL = "-O";
				VALIDATE_PRODUCT = YES;
			};
			name = Release;
		};
		3890DA3020F79FEF002C1D4C /* Debug */ = {
			isa = XCBuildConfiguration;
			baseConfigurationReference = 59AEE91F0D28E9D839EF09FC /* Pods-BookMyRoom.debug.xcconfig */;
			buildSettings = {
				ASSETCATALOG_COMPILER_APPICON_NAME = AppIcon;
				CODE_SIGN_STYLE = Automatic;
				DEVELOPMENT_TEAM = B4286U26SY;
				ENABLE_BITCODE = NO;
				INFOPLIST_FILE = BookMyRoom/Info.plist;
				LD_RUNPATH_SEARCH_PATHS = (
					"$(inherited)",
					"@executable_path/Frameworks",
				);
				PRODUCT_BUNDLE_IDENTIFIER = com.jimjzhu.BookMyRoom;
				PRODUCT_NAME = "$(TARGET_NAME)";
				SWIFT_VERSION = 4.0;
				TARGETED_DEVICE_FAMILY = "1,2";
			};
			name = Debug;
		};
		3890DA3120F79FEF002C1D4C /* Release */ = {
			isa = XCBuildConfiguration;
			baseConfigurationReference = 4D59A91CFBD6F2EE200AA283 /* Pods-BookMyRoom.release.xcconfig */;
			buildSettings = {
				ASSETCATALOG_COMPILER_APPICON_NAME = AppIcon;
				CODE_SIGN_STYLE = Automatic;
				DEVELOPMENT_TEAM = B4286U26SY;
				ENABLE_BITCODE = NO;
				INFOPLIST_FILE = BookMyRoom/Info.plist;
				LD_RUNPATH_SEARCH_PATHS = (
					"$(inherited)",
					"@executable_path/Frameworks",
				);
				PRODUCT_BUNDLE_IDENTIFIER = com.jimjzhu.BookMyRoom;
				PRODUCT_NAME = "$(TARGET_NAME)";
				SWIFT_VERSION = 4.0;
				TARGETED_DEVICE_FAMILY = "1,2";
			};
			name = Release;
		};
/* End XCBuildConfiguration section */

/* Begin XCConfigurationList section */
		3890DA1620F79FEE002C1D4C /* Build configuration list for PBXProject "BookMyRoom" */ = {
			isa = XCConfigurationList;
			buildConfigurations = (
				3890DA2D20F79FEF002C1D4C /* Debug */,
				3890DA2E20F79FEF002C1D4C /* Release */,
			);
			defaultConfigurationIsVisible = 0;
			defaultConfigurationName = Release;
		};
		3890DA2F20F79FEF002C1D4C /* Build configuration list for PBXNativeTarget "BookMyRoom" */ = {
			isa = XCConfigurationList;
			buildConfigurations = (
				3890DA3020F79FEF002C1D4C /* Debug */,
				3890DA3120F79FEF002C1D4C /* Release */,
			);
			defaultConfigurationIsVisible = 0;
			defaultConfigurationName = Release;
		};
/* End XCConfigurationList section */
	};
	rootObject = 3890DA1320F79FEE002C1D4C /* Project object */;
}
